
Microsoft Visual Studio Solution File, Format Version 12.00
# Visual Studio 15
VisualStudioVersion = 15.0.27004.2009
MinimumVisualStudioVersion = 10.0.40219.1
Project("{9A19103F-16F7-4668-BE54-9A1E7A4F7556}") = "Application.Dominio", "Application.Dominio\Application.Dominio.csproj", "{39E06A40-8F2C-4AAA-A988-B6289A24946D}"
EndProject
Project("{FAE04EC0-301F-11D3-BF4B-00C04F79EFBC}") = "Application.Dominio.Teste", "Application.Dominio.Teste\Application.Dominio.Teste.csproj", "{7B69E47F-7C55-4341-AE50-9E06D72FCB2C}"
EndProject
Global
	GlobalSection(SolutionConfigurationPlatforms) = preSolution
		Debug|Any CPU = Debug|Any CPU
		Release|Any CPU = Release|Any CPU
	EndGlobalSection
	GlobalSection(ProjectConfigurationPlatforms) = postSolution
		{39E06A40-8F2C-4AAA-A988-B6289A24946D}.Debug|Any CPU.ActiveCfg = Debug|Any CPU
		{39E06A40-8F2C-4AAA-A988-B6289A24946D}.Debug|Any CPU.Build.0 = Debug|Any CPU
		{39E06A40-8F2C-4AAA-A988-B6289A24946D}.Release|Any CPU.ActiveCfg = Release|Any CPU
		{39E06A40-8F2C-4AAA-A988-B6289A24946D}.Release|Any CPU.Build.0 = Release|Any CPU
		{7B69E47F-7C55-4341-AE50-9E06D72FCB2C}.Debug|Any CPU.ActiveCfg = Debug|Any CPU
		{7B69E47F-7C55-4341-AE50-9E06D72FCB2C}.Debug|Any CPU.Build.0 = Debug|Any CPU
		{7B69E47F-7C55-4341-AE50-9E06D72FCB2C}.Release|Any CPU.ActiveCfg = Release|Any CPU
		{7B69E47F-7C55-4341-AE50-9E06D72FCB2C}.Release|Any CPU.Build.0 = Release|Any CPU
	EndGlobalSection
	GlobalSection(SolutionProperties) = preSolution
		HideSolutionNode = FALSE
	EndGlobalSection
	GlobalSection(ExtensibilityGlobals) = postSolution
		SolutionGuid = {0D374886-55B0-4C31-84D9-35CD75234290}
	EndGlobalSection
EndGlobal
